
Microsoft Visual Studio Solution File, Format Version 12.00
# Visual Studio Version 17
VisualStudioVersion = 17.6.33815.320
MinimumVisualStudioVersion = 10.0.40219.1
Project("{FAE04EC0-301F-11D3-BF4B-00C04F79EFBC}") = "HOSPITAL_SearchD", "HOSPITAL_SearchD\HOSPITAL_SearchD.csproj", "{237CEB9F-B517-484B-9FB6-7FE26131D52B}"
EndProject
Global
	GlobalSection(SolutionConfigurationPlatforms) = preSolution
		Debug|Any CPU = Debug|Any CPU
		Release|Any CPU = Release|Any CPU
	EndGlobalSection
	GlobalSection(ProjectConfigurationPlatforms) = postSolution
		{237CEB9F-B517-484B-9FB6-7FE26131D52B}.Debug|Any CPU.ActiveCfg = Debug|Any CPU
		{237CEB9F-B517-484B-9FB6-7FE26131D52B}.Debug|Any CPU.Build.0 = Debug|Any CPU
		{237CEB9F-B517-484B-9FB6-7FE26131D52B}.Release|Any CPU.ActiveCfg = Release|Any CPU
		{237CEB9F-B517-484B-9FB6-7FE26131D52B}.Release|Any CPU.Build.0 = Release|Any CPU
	EndGlobalSection
	GlobalSection(SolutionProperties) = preSolution
		HideSolutionNode = FALSE
	EndGlobalSection
	GlobalSection(ExtensibilityGlobals) = postSolution
		SolutionGuid = {DDD8A492-B0DB-49F9-8818-047F88D855E4}
	EndGlobalSection
EndGlobal
